
Microsoft Visual Studio Solution File, Format Version 12.00
# Visual Studio Version 18
VisualStudioVersion = 18.11.12224.323
MinimumVisualStudioVersion = 10.0.40219.1
Project("{FAE04EC0-301F-11D3-BF4B-00C04F79EFBC}") = "VMCI.Scanner.Shared", "VMCI.Scanner.Shared\VMCI.Scanner.Shared.csproj", "{FE994214-DEDD-444D-8891-E60746E1CCA2}"
EndProject
Project("{FAE04EC0-301F-11D3-BF4B-00C04F79EFBC}") = "VMCI.Scanner.DB", "VMCI.Scanner.DB\VMCI.Scanner.DB.csproj", "{DB022760-F200-44CF-9301-BED67C6BBE9D}"
EndProject
Project("{FAE04EC0-301F-11D3-BF4B-00C04F79EFBC}") = "VMCI.Scanner.WebApi", "VMCI.Scanner.WebApi\VMCI.Scanner.WebApi.csproj", "{367B95B1-2817-4440-9274-A67181205F17}"
EndProject
Project("{FAE04EC0-301F-11D3-BF4B-00C04F79EFBC}") = "VMCI.Scanner.DevTools", "VMCI.Scanner.DevTools\VMCI.Scanner.DevTools.csproj", "{EFB93D12-480D-4DE7-9BE5-55043E0787FF}"
EndProject
Project("{FAE04EC0-301F-11D3-BF4B-00C04F79EFBC}") = "VMCI.Scanner.Tests.Unit", "VMCI.Scanner.Tests.Unit\VMCI.Scanner.Tests.Unit.csproj", "{00FBBFF3-807F-4435-9F4A-2B276B8C0008}"
EndProject
Project("{FAE04EC0-301F-11D3-BF4B-00C04F79EFBC}") = "VMCI.Scanner.Tests.Integration", "VMCI.Scanner.Tests.Integration\VMCI.Scanner.Tests.Integration.csproj", "{64FC08CF-5F7C-4EF6-9C06-44FC4069B4B6}"
EndProject
Project("{FAE04EC0-301F-11D3-BF4B-00C04F79EFBC}") = "VMCI.Scanner.Pdf", "VMCI.Scanner.Pdf\VMCI.Scanner.Pdf.csproj", "{63C63608-F15C-49D1-8190-6C8EC1733224}"
EndProject
Project("{2150E333-8FDC-42A3-9474-1A3956D46DE8}") = "Solution Items", "Solution Items", "{923BFCF1-515B-40A3-AD9C-3B4428F6D19D}"
	ProjectSection(SolutionItems) = preProject
		secrets\appsettings.secrets.json = secrets\appsettings.secrets.json
		secrets\appsettings.secrets.Production.json = secrets\appsettings.secrets.Production.json
	EndProjectSection
EndProject
Project("{FAE04EC0-301F-11D3-BF4B-00C04F79EFBC}") = "VMCI.Scanner.Mail", "VMCI.Scanner.Mail\VMCI.Scanner.Mail.csproj", "{7DABF234-63D4-4114-83C5-0DDBB7DF9CAE}"
EndProject
Project("{FAE04EC0-301F-11D3-BF4B-00C04F79EFBC}") = "VMCI.Scanner.Claude", "VMCI.Scanner.Claude\VMCI.Scanner.Claude.csproj", "{42A49D14-C8E6-4B15-9CFC-7002EC1647D4}"
EndProject
Global
	GlobalSection(SolutionConfigurationPlatforms) = preSolution
		Debug|Any CPU = Debug|Any CPU
		Debug|x64 = Debug|x64
		Debug|x86 = Debug|x86
		Release|Any CPU = Release|Any CPU
		Release|x64 = Release|x64
		Release|x86 = Release|x86
	EndGlobalSection
	GlobalSection(ProjectConfigurationPlatforms) = postSolution
		{FE994214-DEDD-444D-8891-E60746E1CCA2}.Debug|Any CPU.ActiveCfg = Debug|Any CPU
		{FE994214-DEDD-444D-8891-E60746E1CCA2}.Debug|Any CPU.Build.0 = Debug|Any CPU
		{FE994214-DEDD-444D-8891-E60746E1CCA2}.Debug|x64.ActiveCfg = Debug|Any CPU
		{FE994214-DEDD-444D-8891-E60746E1CCA2}.Debug|x64.Build.0 = Debug|Any CPU
		{FE994214-DEDD-444D-8891-E60746E1CCA2}.Debug|x86.ActiveCfg = Debug|Any CPU
		{FE994214-DEDD-444D-8891-E60746E1CCA2}.Debug|x86.Build.0 = Debug|Any CPU
		{FE994214-DEDD-444D-8891-E60746E1CCA2}.Release|Any CPU.ActiveCfg = Release|Any CPU
		{FE994214-DEDD-444D-8891-E60746E1CCA2}.Release|Any CPU.Build.0 = Release|Any CPU
		{FE994214-DEDD-444D-8891-E60746E1CCA2}.Release|x64.ActiveCfg = Release|Any CPU
		{FE994214-DEDD-444D-8891-E60746E1CCA2}.Release|x64.Build.0 = Release|Any CPU
		{FE994214-DEDD-444D-8891-E60746E1CCA2}.Release|x86.ActiveCfg = Release|Any CPU
		{FE994214-DEDD-444D-8891-E60746E1CCA2}.Release|x86.Build.0 = Release|Any CPU
		{DB022760-F200-44CF-9301-BED67C6BBE9D}.Debug|Any CPU.ActiveCfg = Debug|Any CPU
		{DB022760-F200-44CF-9301-BED67C6BBE9D}.Debug|Any CPU.Build.0 = Debug|Any CPU
		{DB022760-F200-44CF-9301-BED67C6BBE9D}.Debug|x64.ActiveCfg = Debug|Any CPU
		{DB022760-F200-44CF-9301-BED67C6BBE9D}.Debug|x64.Build.0 = Debug|Any CPU
		{DB022760-F200-44CF-9301-BED67C6BBE9D}.Debug|x86.ActiveCfg = Debug|Any CPU
		{DB022760-F200-44CF-9301-BED67C6BBE9D}.Debug|x86.Build.0 = Debug|Any CPU
		{DB022760-F200-44CF-9301-BED67C6BBE9D}.Release|Any CPU.ActiveCfg = Release|Any CPU
		{DB022760-F200-44CF-9301-BED67C6BBE9D}.Release|Any CPU.Build.0 = Release|Any CPU
		{DB022760-F200-44CF-9301-BED67C6BBE9D}.Release|x64.ActiveCfg = Release|Any CPU
		{DB022760-F200-44CF-9301-BED67C6BBE9D}.Release|x64.Build.0 = Release|Any CPU
		{DB022760-F200-44CF-9301-BED67C6BBE9D}.Release|x86.ActiveCfg = Release|Any CPU
		{DB022760-F200-44CF-9301-BED67C6BBE9D}.Release|x86.Build.0 = Release|Any CPU
		{367B95B1-2817-4440-9274-A67181205F17}.Debug|Any CPU.ActiveCfg = Debug|Any CPU
		{367B95B1-2817-4440-9274-A67181205F17}.Debug|Any CPU.Build.0 = Debug|Any CPU
		{367B95B1-2817-4440-9274-A67181205F17}.Debug|x64.ActiveCfg = Debug|Any CPU
		{367B95B1-2817-4440-9274-A67181205F17}.Debug|x64.Build.0 = Debug|Any CPU
		{367B95B1-2817-4440-9274-A67181205F17}.Debug|x86.ActiveCfg = Debug|Any CPU
		{367B95B1-2817-4440-9274-A67181205F17}.Debug|x86.Build.0 = Debug|Any CPU
		{367B95B1-2817-4440-9274-A67181205F17}.Release|Any CPU.ActiveCfg = Release|Any CPU
		{367B95B1-2817-4440-9274-A67181205F17}.Release|Any CPU.Build.0 = Release|Any CPU
		{367B95B1-2817-4440-9274-A67181205F17}.Release|x64.ActiveCfg = Release|Any CPU
		{367B95B1-2817-4440-9274-A67181205F17}.Release|x64.Build.0 = Release|Any CPU
		{367B95B1-2817-4440-9274-A67181205F17}.Release|x86.ActiveCfg = Release|Any CPU
		{367B95B1-2817-4440-9274-A67181205F17}.Release|x86.Build.0 = Release|Any CPU
		{EFB93D12-480D-4DE7-9BE5-55043E0787FF}.Debug|Any CPU.ActiveCfg = Debug|Any CPU
		{EFB93D12-480D-4DE7-9BE5-55043E0787FF}.Debug|Any CPU.Build.0 = Debug|Any CPU
		{EFB93D12-480D-4DE7-9BE5-55043E0787FF}.Debug|x64.ActiveCfg = Debug|Any CPU
		{EFB93D12-480D-4DE7-9BE5-55043E0787FF}.Debug|x64.Build.0 = Debug|Any CPU
		{EFB93D12-480D-4DE7-9BE5-55043E0787FF}.Debug|x86.ActiveCfg = Debug|Any CPU
		{EFB93D12-480D-4DE7-9BE5-55043E0787FF}.Debug|x86.Build.0 = Debug|Any CPU
		{EFB93D12-480D-4DE7-9BE5-55043E0787FF}.Release|Any CPU.ActiveCfg = Release|Any CPU
		{EFB93D12-480D-4DE7-9BE5-55043E0787FF}.Release|Any CPU.Build.0 = Release|Any CPU
		{EFB93D12-480D-4DE7-9BE5-55043E0787FF}.Release|x64.ActiveCfg = Release|Any CPU
		{EFB93D12-480D-4DE7-9BE5-55043E0787FF}.Release|x64.Build.0 = Release|Any CPU
		{EFB93D12-480D-4DE7-9BE5-55043E0787FF}.Release|x86.ActiveCfg = Release|Any CPU
		{EFB93D12-480D-4DE7-9BE5-55043E0787FF}.Release|x86.Build.0 = Release|Any CPU
		{00FBBFF3-807F-4435-9F4A-2B276B8C0008}.Debug|Any CPU.ActiveCfg = Debug|Any CPU
		{00FBBFF3-807F-4435-9F4A-2B276B8C0008}.Debug|Any CPU.Build.0 = Debug|Any CPU
		{00FBBFF3-807F-4435-9F4A-2B276B8C0008}.Debug|x64.ActiveCfg = Debug|Any CPU
		{00FBBFF3-807F-4435-9F4A-2B276B8C0008}.Debug|x64.Build.0 = Debug|Any CPU
		{00FBBFF3-807F-4435-9F4A-2B276B8C0008}.Debug|x86.ActiveCfg = Debug|Any CPU
		{00FBBFF3-807F-4435-9F4A-2B276B8C0008}.Debug|x86.Build.0 = Debug|Any CPU
		{00FBBFF3-807F-4435-9F4A-2B276B8C0008}.Release|Any CPU.ActiveCfg = Release|Any CPU
		{00FBBFF3-807F-4435-9F4A-2B276B8C0008}.Release|Any CPU.Build.0 = Release|Any CPU
		{00FBBFF3-807F-4435-9F4A-2B276B8C0008}.Release|x64.ActiveCfg = Release|Any CPU
		{00FBBFF3-807F-4435-9F4A-2B276B8C0008}.Release|x64.Build.0 = Release|Any CPU
		{00FBBFF3-807F-4435-9F4A-2B276B8C0008}.Release|x86.ActiveCfg = Release|Any CPU
		{00FBBFF3-807F-4435-9F4A-2B276B8C0008}.Release|x86.Build.0 = Release|Any CPU
		{64FC08CF-5F7C-4EF6-9C06-44FC4069B4B6}.Debug|Any CPU.ActiveCfg = Debug|Any CPU
		{64FC08CF-5F7C-4EF6-9C06-44FC4069B4B6}.Debug|Any CPU.Build.0 = Debug|Any CPU
		{64FC08CF-5F7C-4EF6-9C06-44FC4069B4B6}.Debug|x64.ActiveCfg = Debug|Any CPU
		{64FC08CF-5F7C-4EF6-9C06-44FC4069B4B6}.Debug|x64.Build.0 = Debug|Any CPU
		{64FC08CF-5F7C-4EF6-9C06-44FC4069B4B6}.Debug|x86.ActiveCfg = Debug|Any CPU
		{64FC08CF-5F7C-4EF6-9C06-44FC4069B4B6}.Debug|x86.Build.0 = Debug|Any CPU
		{64FC08CF-5F7C-4EF6-9C06-44FC4069B4B6}.Release|Any CPU.ActiveCfg = Release|Any CPU
		{64FC08CF-5F7C-4EF6-9C06-44FC4069B4B6}.Release|Any CPU.Build.0 = Release|Any CPU
		{64FC08CF-5F7C-4EF6-9C06-44FC4069B4B6}.Release|x64.ActiveCfg = Release|Any CPU
		{64FC08CF-5F7C-4EF6-9C06-44FC4069B4B6}.Release|x64.Build.0 = Release|Any CPU
		{64FC08CF-5F7C-4EF6-9C06-44FC4069B4B6}.Release|x86.ActiveCfg = Release|Any CPU
		{64FC08CF-5F7C-4EF6-9C06-44FC4069B4B6}.Release|x86.Build.0 = Release|Any CPU
		{63C63608-F15C-49D1-8190-6C8EC1733224}.Debug|Any CPU.ActiveCfg = Debug|Any CPU
		{63C63608-F15C-49D1-8190-6C8EC1733224}.Debug|Any CPU.Build.0 = Debug|Any CPU
		{63C63608-F15C-49D1-8190-6C8EC1733224}.Debug|x64.ActiveCfg = Debug|Any CPU
		{63C63608-F15C-49D1-8190-6C8EC1733224}.Debug|x64.Build.0 = Debug|Any CPU
		{63C63608-F15C-49D1-8190-6C8EC1733224}.Debug|x86.ActiveCfg = Debug|Any CPU
		{63C63608-F15C-49D1-8190-6C8EC1733224}.Debug|x86.Build.0 = Debug|Any CPU
		{63C63608-F15C-49D1-8190-6C8EC1733224}.Release|Any CPU.ActiveCfg = Release|Any CPU
		{63C63608-F15C-49D1-8190-6C8EC1733224}.Release|Any CPU.Build.0 = Release|Any CPU
		{63C63608-F15C-49D1-8190-6C8EC1733224}.Release|x64.ActiveCfg = Release|Any CPU
		{63C63608-F15C-49D1-8190-6C8EC1733224}.Release|x64.Build.0 = Release|Any CPU
		{63C63608-F15C-49D1-8190-6C8EC1733224}.Release|x86.ActiveCfg = Release|Any CPU
		{63C63608-F15C-49D1-8190-6C8EC1733224}.Release|x86.Build.0 = Release|Any CPU
		{7DABF234-63D4-4114-83C5-0DDBB7DF9CAE}.Debug|Any CPU.ActiveCfg = Debug|Any CPU
		{7DABF234-63D4-4114-83C5-0DDBB7DF9CAE}.Debug|Any CPU.Build.0 = Debug|Any CPU
		{7DABF234-63D4-4114-83C5-0DDBB7DF9CAE}.Debug|x64.ActiveCfg = Debug|Any CPU
		{7DABF234-63D4-4114-83C5-0DDBB7DF9CAE}.Debug|x64.Build.0 = Debug|Any CPU
		{7DABF234-63D4-4114-83C5-0DDBB7DF9CAE}.Debug|x86.ActiveCfg = Debug|Any CPU
		{7DABF234-63D4-4114-83C5-0DDBB7DF9CAE}.Debug|x86.Build.0 = Debug|Any CPU
		{7DABF234-63D4-4114-83C5-0DDBB7DF9CAE}.Release|Any CPU.ActiveCfg = Release|Any CPU
		{7DABF234-63D4-4114-83C5-0DDBB7DF9CAE}.Release|Any CPU.Build.0 = Release|Any CPU
		{7DABF234-63D4-4114-83C5-0DDBB7DF9CAE}.Release|x64.ActiveCfg = Release|Any CPU
		{7DABF234-63D4-4114-83C5-0DDBB7DF9CAE}.Release|x64.Build.0 = Release|Any CPU
		{7DABF234-63D4-4114-83C5-0DDBB7DF9CAE}.Release|x86.ActiveCfg = Release|Any CPU
		{7DABF234-63D4-4114-83C5-0DDBB7DF9CAE}.Release|x86.Build.0 = Release|Any CPU
		{42A49D14-C8E6-4B15-9CFC-7002EC1647D4}.Debug|Any CPU.ActiveCfg = Debug|Any CPU
		{42A49D14-C8E6-4B15-9CFC-7002EC1647D4}.Debug|Any CPU.Build.0 = Debug|Any CPU
		{42A49D14-C8E6-4B15-9CFC-7002EC1647D4}.Debug|x64.ActiveCfg = Debug|Any CPU
		{42A49D14-C8E6-4B15-9CFC-7002EC1647D4}.Debug|x64.Build.0 = Debug|Any CPU
		{42A49D14-C8E6-4B15-9CFC-7002EC1647D4}.Debug|x86.ActiveCfg = Debug|Any CPU
		{42A49D14-C8E6-4B15-9CFC-7002EC1647D4}.Debug|x86.Build.0 = Debug|Any CPU
		{42A49D14-C8E6-4B15-9CFC-7002EC1647D4}.Release|Any CPU.ActiveCfg = Release|Any CPU
		{42A49D14-C8E6-4B15-9CFC-7002EC1647D4}.Release|Any CPU.Build.0 = Release|Any CPU
		{42A49D14-C8E6-4B15-9CFC-7002EC1647D4}.Release|x64.ActiveCfg = Release|Any CPU
		{42A49D14-C8E6-4B15-9CFC-7002EC1647D4}.Release|x64.Build.0 = Release|Any CPU
		{42A49D14-C8E6-4B15-9CFC-7002EC1647D4}.Release|x86.ActiveCfg = Release|Any CPU
		{42A49D14-C8E6-4B15-9CFC-7002EC1647D4}.Release|x86.Build.0 = Release|Any CPU
	EndGlobalSection
	GlobalSection(SolutionProperties) = preSolution
		HideSolutionNode = FALSE
	EndGlobalSection
	GlobalSection(ExtensibilityGlobals) = postSolution
		SolutionGuid = {64275C50-D8F1-4E99-B178-A39ABE585B97}
	EndGlobalSection
EndGlobal
